// !$*UTF8*$!
{
	archiveVersion = 1;
	classes = {
	};
	objectVersion = 46;
	objects = {

/* Begin PBXBuildFile section */
		45D9C6421C05CD50005889E5 /* AppDelegate.swift in Sources */ = {isa = PBXBuildFile; fileRef = 45D9C6411C05CD50005889E5 /* AppDelegate.swift */; };
		45D9C6441C05CD50005889E5 /* ViewController.swift in Sources */ = {isa = PBXBuildFile; fileRef = 45D9C6431C05CD50005889E5 /* ViewController.swift */; };
		45D9C6471C05CD50005889E5 /* Main.storyboard in Resources */ = {isa = PBXBuildFile; fileRef = 45D9C6451C05CD50005889E5 /* Main.storyboard */; };
		45D9C6491C05CD50005889E5 /* Assets.xcassets in Resources */ = {isa = PBXBuildFile; fileRef = 45D9C6481C05CD50005889E5 /* Assets.xcassets */; };
		45D9C64C1C05CD50005889E5 /* LaunchScreen.storyboard in Resources */ = {isa = PBXBuildFile; fileRef = 45D9C64A1C05CD50005889E5 /* LaunchScreen.storyboard */; };
		45D9C6571C05CD50005889E5 /* MotionTests.swift in Sources */ = {isa = PBXBuildFile; fileRef = 45D9C6561C05CD50005889E5 /* MotionTests.swift */; };
		45D9C6621C05CD50005889E5 /* MotionUITests.swift in Sources */ = {isa = PBXBuildFile; fileRef = 45D9C6611C05CD50005889E5 /* MotionUITests.swift */; };
		45D9C6701C05CDA3005889E5 /* CoreMotion.framework in Frameworks */ = {isa = PBXBuildFile; fileRef = 45D9C66F1C05CDA3005889E5 /* CoreMotion.framework */; };
/* End PBXBuildFile section */

/* Begin PBXContainerItemProxy section */
		45D9C6531C05CD50005889E5 /* PBXContainerItemProxy */ = {
			isa = PBXContainerItemProxy;
			containerPortal = 45D9C6361C05CD50005889E5 /* Project object */;
			proxyType = 1;
			remoteGlobalIDString = 45D9C63D1C05CD50005889E5;
			remoteInfo = Motion;
		};
		45D9C65E1C05CD50005889E5 /* PBXContainerItemProxy */ = {
			isa = PBXContainerItemProxy;
			containerPortal = 45D9C6361C05CD50005889E5 /* Project object */;
			proxyType = 1;
			remoteGlobalIDString = 45D9C63D1C05CD50005889E5;
			remoteInfo = Motion;
		};
/* End PBXContainerItemProxy section */

/* Begin PBXFileReference section */
		45D9C63E1C05CD50005889E5 /* Motion.app */ = {isa = PBXFileReference; explicitFileType = wrapper.application; includeInIndex = 0; path = Motion.app; sourceTree = BUILT_PRODUCTS_DIR; };
		45D9C6411C05CD50005889E5 /* AppDelegate.swift */ = {isa = PBXFileReference; lastKnownFileType = sourcecode.swift; path = AppDelegate.swift; sourceTree = "<group>"; };
		45D9C6431C05CD50005889E5 /* ViewController.swift */ = {isa = PBXFileReference; lastKnownFileType = sourcecode.swift; path = ViewController.swift; sourceTree = "<group>"; };
		45D9C6461C05CD50005889E5 /* Base */ = {isa = PBXFileReference; lastKnownFileType = file.storyboard; name = Base; path = Base.lproj/Main.storyboard; sourceTree = "<group>"; };
		45D9C6481C05CD50005889E5 /* Assets.xcassets */ = {isa = PBXFileReference; lastKnownFileType = folder.assetcatalog; path = Assets.xcassets; sourceTree = "<group>"; };
		45D9C64B1C05CD50005889E5 /* Base */ = {isa = PBXFileReference; lastKnownFileType = file.storyboard; name = Base; path = Base.lproj/LaunchScreen.storyboard; sourceTree = "<group>"; };
		45D9C64D1C05CD50005889E5 /* Info.plist */ = {isa = PBXFileReference; lastKnownFileType = text.plist.xml; path = Info.plist; sourceTree = "<group>"; };
		45D9C6521C05CD50005889E5 /* MotionTests.xctest */ = {isa = PBXFileReference; explicitFileType = wrapper.cfbundle; includeInIndex = 0; path = MotionTests.xctest; sourceTree = BUILT_PRODUCTS_DIR; };
		45D9C6561C05CD50005889E5 /* MotionTests.swift */ = {isa = PBXFileReference; lastKnownFileType = sourcecode.swift; path = MotionTests.swift; sourceTree = "<group>"; };
		45D9C6581C05CD50005889E5 /* Info.plist */ = {isa = PBXFileReference; lastKnownFileType = text.plist.xml; path = Info.plist; sourceTree = "<group>"; };
		45D9C65D1C05CD50005889E5 /* MotionUITests.xctest */ = {isa = PBXFileReference; explicitFileType = wrapper.cfbundle; includeInIndex = 0; path = MotionUITests.xctest; sourceTree = BUILT_PRODUCTS_DIR; };
		45D9C6611C05CD50005889E5 /* MotionUITests.swift */ = {isa = PBXFileReference; lastKnownFileType = sourcecode.swift; path = MotionUITests.swift; sourceTree = "<group>"; };
		45D9C6631C05CD50005889E5 /* Info.plist */ = {isa = PBXFileReference; lastKnownFileType = text.plist.xml; path = Info.plist; sourceTree = "<group>"; };
		45D9C66F1C05CDA3005889E5 /* CoreMotion.framework */ = {isa = PBXFileReference; lastKnownFileType = wrapper.framework; name = CoreMotion.framework; path = System/Library/Frameworks/CoreMotion.framework; sourceTree = SDKROOT; };
/* End PBXFileReference section */

/* Begin PBXFrameworksBuildPhase section */
		45D9C63B1C05CD50005889E5 /* Frameworks */ = {
			isa = PBXFrameworksBuildPhase;
			buildActionMask = 2147483647;
			files = (
				45D9C6701C05CDA3005889E5 /* CoreMotion.framework in Frameworks */,
			);
			runOnlyForDeploymentPostprocessing = 0;
		};
		45D9C64F1C05CD50005889E5 /* Frameworks */ = {
			isa = PBXFrameworksBuildPhase;
			buildActionMask = 2147483647;
			files = (
			);
			runOnlyForDeploymentPostprocessing = 0;
		};
		45D9C65A1C05CD50005889E5 /* Frameworks */ = {
			isa = PBXFrameworksBuildPhase;
			buildActionMask = 2147483647;
			files = (
			);
			runOnlyForDeploymentPostprocessing = 0;
		};
/* End PBXFrameworksBuildPhase section */

/* Begin PBXGroup section */
		45D9C6351C05CD50005889E5 = {
			isa = PBXGroup;
			children = (
				45D9C66F1C05CDA3005889E5 /* CoreMotion.framework */,
				45D9C6401C05CD50005889E5 /* Motion */,
				45D9C6551C05CD50005889E5 /* MotionTests */,
				45D9C6601C05CD50005889E5 /* MotionUITests */,
				45D9C63F1C05CD50005889E5 /* Products */,
			);
			sourceTree = "<group>";
		};
		45D9C63F1C05CD50005889E5 /* Products */ = {
			isa = PBXGroup;
			children = (
				45D9C63E1C05CD50005889E5 /* Motion.app */,
				45D9C6521C05CD50005889E5 /* MotionTests.xctest */,
				45D9C65D1C05CD50005889E5 /* MotionUITests.xctest */,
			);
			name = Products;
			sourceTree = "<group>";
		};
		45D9C6401C05CD50005889E5 /* Motion */ = {
			isa = PBXGroup;
			children = (
				45D9C6411C05CD50005889E5 /* AppDelegate.swift */,
				45D9C6431C05CD50005889E5 /* ViewController.swift */,
				45D9C6451C05CD50005889E5 /* Main.storyboard */,
				45D9C6481C05CD50005889E5 /* Assets.xcassets */,
				45D9C64A1C05CD50005889E5 /* LaunchScreen.storyboard */,
				45D9C64D1C05CD50005889E5 /* Info.plist */,
			);
			path = Motion;
			sourceTree = "<group>";
		};
		45D9C6551C05CD50005889E5 /* MotionTests */ = {
			isa = PBXGroup;
			children = (
				45D9C6561C05CD50005889E5 /* MotionTests.swift */,
				45D9C6581C05CD50005889E5 /* Info.plist */,
			);
			path = MotionTests;
			sourceTree = "<group>";
		};
		45D9C6601C05CD50005889E5 /* MotionUITests */ = {
			isa = PBXGroup;
			children = (
				45D9C6611C05CD50005889E5 /* MotionUITests.swift */,
				45D9C6631C05CD50005889E5 /* Info.plist */,
			);
			path = MotionUITests;
			sourceTree = "<group>";
		};
/* End PBXGroup section */

/* Begin PBXNativeTarget section */
		45D9C63D1C05CD50005889E5 /* Motion */ = {
			isa = PBXNativeTarget;
			buildConfigurationList = 45D9C6661C05CD50005889E5 /* Build configuration list for PBXNativeTarget "Motion" */;
			buildPhases = (
				45D9C63A1C05CD50005889E5 /* Sources */,
				45D9C63B1C05CD50005889E5 /* Frameworks */,
				45D9C63C1C05CD50005889E5 /* Resources */,
			);
			buildRules = (
			);
			dependencies = (
			);
			name = Motion;
			productName = Motion;
			productReference = 45D9C63E1C05CD50005889E5 /* Motion.app */;
			productType = "com.apple.product-type.application";
		};
		45D9C6511C05CD50005889E5 /* MotionTests */ = {
			isa = PBXNativeTarget;
			buildConfigurationList = 45D9C6691C05CD50005889E5 /* Build configuration list for PBXNativeTarget "MotionTests" */;
			buildPhases = (
				45D9C64E1C05CD50005889E5 /* Sources */,
				45D9C64F1C05CD50005889E5 /* Frameworks */,
				45D9C6501C05CD50005889E5 /* Resources */,
			);
			buildRules = (
			);
			dependencies = (
				45D9C6541C05CD50005889E5 /* PBXTargetDependency */,
			);
			name = MotionTests;
			productName = MotionTests;
			productReference = 45D9C6521C05CD50005889E5 /* MotionTests.xctest */;
			productType = "com.apple.product-type.bundle.unit-test";
		};
		45D9C65C1C05CD50005889E5 /* MotionUITests */ = {
			isa = PBXNativeTarget;
			buildConfigurationList = 45D9C66C1C05CD50005889E5 /* Build configuration list for PBXNativeTarget "MotionUITests" */;
			buildPhases = (
				45D9C6591C05CD50005889E5 /* Sources */,
				45D9C65A1C05CD50005889E5 /* Frameworks */,
				45D9C65B1C05CD50005889E5 /* Resources */,
			);
			buildRules = (
			);
			dependencies = (
				45D9C65F1C05CD50005889E5 /* PBXTargetDependency */,
			);
			name = MotionUITests;
			productName = MotionUITests;
			productReference = 45D9C65D1C05CD50005889E5 /* MotionUITests.xctest */;
			productType = "com.apple.product-type.bundle.ui-testing";
		};
/* End PBXNativeTarget section */

/* Begin PBXProject section */
		45D9C6361C05CD50005889E5 /* Project object */ = {
			isa = PBXProject;
			attributes = {
				LastSwiftUpdateCheck = 0710;
				LastUpgradeCheck = 0710;
				ORGANIZATIONNAME = exialym;
				TargetAttributes = {
					45D9C63D1C05CD50005889E5 = {
						CreatedOnToolsVersion = 7.1.1;
						DevelopmentTeam = XCREM736ZC;
					};
					45D9C6511C05CD50005889E5 = {
						CreatedOnToolsVersion = 7.1.1;
						DevelopmentTeam = XCREM736ZC;
						TestTargetID = 45D9C63D1C05CD50005889E5;
					};
					45D9C65C1C05CD50005889E5 = {
						CreatedOnToolsVersion = 7.1.1;
						DevelopmentTeam = XCREM736ZC;
						TestTargetID = 45D9C63D1C05CD50005889E5;
					};
				};
			};
			buildConfigurationList = 45D9C6391C05CD50005889E5 /* Build configuration list for PBXProject "Motion" */;
			compatibilityVersion = "Xcode 3.2";
			developmentRegion = English;
			hasScannedForEncodings = 0;
			knownRegions = (
				en,
				Base,
			);
			mainGroup = 45D9C6351C05CD50005889E5;
			productRefGroup = 45D9C63F1C05CD50005889E5 /* Products */;
			projectDirPath = "";
			projectRoot = "";
			targets = (
				45D9C63D1C05CD50005889E5 /* Motion */,
				45D9C6511C05CD50005889E5 /* MotionTests */,
				45D9C65C1C05CD50005889E5 /* MotionUITests */,
			);
		};
/* End PBXProject section */

/* Begin PBXResourcesBuildPhase section */
		45D9C63C1C05CD50005889E5 /* Resources */ = {
			isa = PBXResourcesBuildPhase;
			buildActionMask = 2147483647;
			files = (
				45D9C64C1C05CD50005889E5 /* LaunchScreen.storyboard in Resources */,
				45D9C6491C05CD50005889E5 /* Assets.xcassets in Resources */,
				45D9C6471C05CD50005889E5 /* Main.storyboard in Resources */,
			);
			runOnlyForDeploymentPostprocessing = 0;
		};
		45D9C6501C05CD50005889E5 /* Resources */ = {
			isa = PBXResourcesBuildPhase;
			buildActionMask = 2147483647;
			files = (
			);
			runOnlyForDeploymentPostprocessing = 0;
		};
		45D9C65B1C05CD50005889E5 /* Resources */ = {
			isa = PBXResourcesBuildPhase;
			buildActionMask = 2147483647;
			files = (
			);
			runOnlyForDeploymentPostprocessing = 0;
		};
/* End PBXResourcesBuildPhase section */

/* Begin PBXSourcesBuildPhase section */
		45D9C63A1C05CD50005889E5 /* Sources */ = {
			isa = PBXSourcesBuildPhase;
			buildActionMask = 2147483647;
			files = (
				45D9C6441C05CD50005889E5 /* ViewController.swift in Sources */,
				45D9C6421C05CD50005889E5 /* AppDelegate.swift in Sources */,
			);
			runOnlyForDeploymentPostprocessing = 0;
		};
		45D9C64E1C05CD50005889E5 /* Sources */ = {
			isa = PBXSourcesBuildPhase;
			buildActionMask = 2147483647;
			files = (
				45D9C6571C05CD50005889E5 /* MotionTests.swift in Sources */,
			);
			runOnlyForDeploymentPostprocessing = 0;
		};
		45D9C6591C05CD50005889E5 /* Sources */ = {
			isa = PBXSourcesBuildPhase;
			buildActionMask = 2147483647;
			files = (
				45D9C6621C05CD50005889E5 /* MotionUITests.swift in Sources */,
			);
			runOnlyForDeploymentPostprocessing = 0;
		};
/* End PBXSourcesBuildPhase section */

/* Begin PBXTargetDependency section */
		45D9C6541C05CD50005889E5 /* PBXTargetDependency */ = {
			isa = PBXTargetDependency;
			target = 45D9C63D1C05CD50005889E5 /* Motion */;
			targetProxy = 45D9C6531C05CD50005889E5 /* PBXContainerItemProxy */;
		};
		45D9C65F1C05CD50005889E5 /* PBXTargetDependency */ = {
			isa = PBXTargetDependency;
			target = 45D9C63D1C05CD50005889E5 /* Motion */;
			targetProxy = 45D9C65E1C05CD50005889E5 /* PBXContainerItemProxy */;
		};
/* End PBXTargetDependency section */

/* Begin PBXVariantGroup section */
		45D9C6451C05CD50005889E5 /* Main.storyboard */ = {
			isa = PBXVariantGroup;
			children = (
				45D9C6461C05CD50005889E5 /* Base */,
			);
			name = Main.storyboard;
			sourceTree = "<group>";
		};
		45D9C64A1C05CD50005889E5 /* LaunchScreen.storyboard */ = {
			isa = PBXVariantGroup;
			children = (
				45D9C64B1C05CD50005889E5 /* Base */,
			);
			name = LaunchScreen.storyboard;
			sourceTree = "<group>";
		};
/* End PBXVariantGroup section */

/* Begin XCBuildConfiguration section */
		45D9C6641C05CD50005889E5 /* Debug */ = {
			isa = XCBuildConfiguration;
			buildSettings = {
				ALWAYS_SEARCH_USER_PATHS = NO;
				CLANG_CXX_LANGUAGE_STANDARD = "gnu++0x";
				CLANG_CXX_LIBRARY = "libc++";
				CLANG_ENABLE_MODULES = YES;
				CLANG_ENABLE_OBJC_ARC = YES;
				CLANG_WARN_BOOL_CONVERSION = YES;
				CLANG_WARN_CONSTANT_CONVERSION = YES;
				CLANG_WARN_DIRECT_OBJC_ISA_USAGE = YES_ERROR;
				CLANG_WARN_EMPTY_BODY = YES;
				CLANG_WARN_ENUM_CONVERSION = YES;
				CLANG_WARN_INT_CONVERSION = YES;
				CLANG_WARN_OBJC_ROOT_CLASS = YES_ERROR;
				CLANG_WARN_UNREACHABLE_CODE = YES;
				CLANG_WARN__DUPLICATE_METHOD_MATCH = YES;
				"CODE_SIGN_IDENTITY[sdk=iphoneos*]" = "iPhone Developer";
				COPY_PHASE_STRIP = NO;
				DEBUG_INFORMATION_FORMAT = dwarf;
				ENABLE_STRICT_OBJC_MSGSEND = YES;
				ENABLE_TESTABILITY = YES;
				GCC_C_LANGUAGE_STANDARD = gnu99;
				GCC_DYNAMIC_NO_PIC = NO;
				GCC_NO_COMMON_BLOCKS = YES;
				GCC_OPTIMIZATION_LEVEL = 0;
				GCC_PREPROCESSOR_DEFINITIONS = (
					"DEBUG=1",
					"$(inherited)",
				);
				GCC_WARN_64_TO_32_BIT_CONVERSION = YES;
				GCC_WARN_ABOUT_RETURN_TYPE = YES_ERROR;
				GCC_WARN_UNDECLARED_SELECTOR = YES;
				GCC_WARN_UNINITIALIZED_AUTOS = YES_AGGRESSIVE;
				GCC_WARN_UNUSED_FUNCTION = YES;
				GCC_WARN_UNUSED_VARIABLE = YES;
				IPHONEOS_DEPLOYMENT_TARGET = 9.1;
				MTL_ENABLE_DEBUG_INFO = YES;
				ONLY_ACTIVE_ARCH = YES;
				SDKROOT = iphoneos;
				SWIFT_OPTIMIZATION_LEVEL = "-Onone";
				TARGETED_DEVICE_FAMILY = "1,2";
			};
			name = Debug;
		};
		45D9C6651C05CD50005889E5 /* Release */ = {
			isa = XCBuildConfiguration;
			buildSettings = {
				ALWAYS_SEARCH_USER_PATHS = NO;
				CLANG_CXX_LANGUAGE_STANDARD = "gnu++0x";
				CLANG_CXX_LIBRARY = "libc++";
				CLANG_ENABLE_MODULES = YES;
				CLANG_ENABLE_OBJC_ARC = YES;
				CLANG_WARN_BOOL_CONVERSION = YES;
				CLANG_WARN_CONSTANT_CONVERSION = YES;
				CLANG_WARN_DIRECT_OBJC_ISA_USAGE = YES_ERROR;
				CLANG_WARN_EMPTY_BODY = YES;
				CLANG_WARN_ENUM_CONVERSION = YES;
				CLANG_WARN_INT_CONVERSION = YES;
				CLANG_WARN_OBJC_ROOT_CLASS = YES_ERROR;
				CLANG_WARN_UNREACHABLE_CODE = YES;
				CLANG_WARN__DUPLICATE_METHOD_MATCH = YES;
				"CODE_SIGN_IDENTITY[sdk=iphoneos*]" = "iPhone Developer";
				COPY_PHASE_STRIP = NO;
				DEBUG_INFORMATION_FORMAT = "dwarf-with-dsym";
				ENABLE_NS_ASSERTIONS = NO;
				ENABLE_STRICT_OBJC_MSGSEND = YES;
				GCC_C_LANGUAGE_STANDARD = gnu99;
				GCC_NO_COMMON_BLOCKS = YES;
				GCC_WARN_64_TO_32_BIT_CONVERSION = YES;
				GCC_WARN_ABOUT_RETURN_TYPE = YES_ERROR;
				GCC_WARN_UNDECLARED_SELECTOR = YES;
				GCC_WARN_UNINITIALIZED_AUTOS = YES_AGGRESSIVE;
				GCC_WARN_UNUSED_FUNCTION = YES;
				GCC_WARN_UNUSED_VARIABLE = YES;
				IPHONEOS_DEPLOYMENT_TARGET = 9.1;
				MTL_ENABLE_DEBUG_INFO = NO;
				SDKROOT = iphoneos;
				TARGETED_DEVICE_FAMILY = "1,2";
				VALIDATE_PRODUCT = YES;
			};
			name = Release;
		};
		45D9C6671C05CD50005889E5 /* Debug */ = {
			isa = XCBuildConfiguration;
			buildSettings = {
				ASSETCATALOG_COMPILER_APPICON_NAME = AppIcon;
				CODE_SIGN_IDENTITY = "iPhone Developer: exialym@163.com (7RFPR3RA22)";
				INFOPLIST_FILE = Motion/Info.plist;
				LD_RUNPATH_SEARCH_PATHS = "$(inherited) @executable_path/Frameworks";
				PRODUCT_BUNDLE_IDENTIFIER = edu.bupt.exialym.Motion;
				PRODUCT_NAME = "$(TARGET_NAME)";
			};
			name = Debug;
		};
		45D9C6681C05CD50005889E5 /* Release */ = {
			isa = XCBuildConfiguration;
			buildSettings = {
				ASSETCATALOG_COMPILER_APPICON_NAME = AppIcon;
				INFOPLIST_FILE = Motion/Info.plist;
				LD_RUNPATH_SEARCH_PATHS = "$(inherited) @executable_path/Frameworks";
				PRODUCT_BUNDLE_IDENTIFIER = edu.bupt.exialym.Motion;
				PRODUCT_NAME = "$(TARGET_NAME)";
			};
			name = Release;
		};
		45D9C66A1C05CD50005889E5 /* Debug */ = {
			isa = XCBuildConfiguration;
			buildSettings = {
				BUNDLE_LOADER = "$(TEST_HOST)";
				INFOPLIST_FILE = MotionTests/Info.plist;
				LD_RUNPATH_SEARCH_PATHS = "$(inherited) @executable_path/Frameworks @loader_path/Frameworks";
				PRODUCT_BUNDLE_IDENTIFIER = edu.bupt.exialym.MotionTests;
				PRODUCT_NAME = "$(TARGET_NAME)";
				TEST_HOST = "$(BUILT_PRODUCTS_DIR)/Motion.app/Motion";
			};
			name = Debug;
		};
		45D9C66B1C05CD50005889E5 /* Release */ = {
			isa = XCBuildConfiguration;
			buildSettings = {
				BUNDLE_LOADER = "$(TEST_HOST)";
				INFOPLIST_FILE = MotionTests/Info.plist;
				LD_RUNPATH_SEARCH_PATHS = "$(inherited) @executable_path/Frameworks @loader_path/Frameworks";
				PRODUCT_BUNDLE_IDENTIFIER = edu.bupt.exialym.MotionTests;
				PRODUCT_NAME = "$(TARGET_NAME)";
				TEST_HOST = "$(BUILT_PRODUCTS_DIR)/Motion.app/Motion";
			};
			name = Release;
		};
		45D9C66D1C05CD50005889E5 /* Debug */ = {
			isa = XCBuildConfiguration;
			buildSettings = {
				INFOPLIST_FILE = MotionUITests/Info.plist;
				LD_RUNPATH_SEARCH_PATHS = "$(inherited) @executable_path/Frameworks @loader_path/Frameworks";
				PRODUCT_BUNDLE_IDENTIFIER = edu.bupt.exialym.MotionUITests;
				PRODUCT_NAME = "$(TARGET_NAME)";
				TEST_TARGET_NAME = Motion;
				USES_XCTRUNNER = YES;
			};
			name = Debug;
		};
		45D9C66E1C05CD50005889E5 /* Release */ = {
			isa = XCBuildConfiguration;
			buildSettings = {
				INFOPLIST_FILE = MotionUITests/Info.plist;
				LD_RUNPATH_SEARCH_PATHS = "$(inherited) @executable_path/Frameworks @loader_path/Frameworks";
				PRODUCT_BUNDLE_IDENTIFIER = edu.bupt.exialym.MotionUITests;
				PRODUCT_NAME = "$(TARGET_NAME)";
				TEST_TARGET_NAME = Motion;
				USES_XCTRUNNER = YES;
			};
			name = Release;
		};
/* End XCBuildConfiguration section */

/* Begin XCConfigurationList section */
		45D9C6391C05CD50005889E5 /* Build configuration list for PBXProject "Motion" */ = {
			isa = XCConfigurationList;
			buildConfigurations = (
				45D9C6641C05CD50005889E5 /* Debug */,
				45D9C6651C05CD50005889E5 /* Release */,
			);
			defaultConfigurationIsVisible = 0;
			defaultConfigurationName = Release;
		};
		45D9C6661C05CD50005889E5 /* Build configuration list for PBXNativeTarget "Motion" */ = {
			isa = XCConfigurationList;
			buildConfigurations = (
				45D9C6671C05CD50005889E5 /* Debug */,
				45D9C6681C05CD50005889E5 /* Release */,
			);
			defaultConfigurationIsVisible = 0;
			defaultConfigurationName = Release;
		};
		45D9C6691C05CD50005889E5 /* Build configuration list for PBXNativeTarget "MotionTests" */ = {
			isa = XCConfigurationList;
			buildConfigurations = (
				45D9C66A1C05CD50005889E5 /* Debug */,
				45D9C66B1C05CD50005889E5 /* Release */,
			);
			defaultConfigurationIsVisible = 0;
			defaultConfigurationName = Release;
		};
		45D9C66C1C05CD50005889E5 /* Build configuration list for PBXNativeTarget "MotionUITests" */ = {
			isa = XCConfigurationList;
			buildConfigurations = (
				45D9C66D1C05CD50005889E5 /* Debug */,
				45D9C66E1C05CD50005889E5 /* Release */,
			);
			defaultConfigurationIsVisible = 0;
			defaultConfigurationName = Release;
		};
/* End XCConfigurationList section */
	};
	rootObject = 45D9C6361C05CD50005889E5 /* Project object */;
}
