// !$*UTF8*$!
{
	archiveVersion = 1;
	classes = {
	};
	objectVersion = 46;
	objects = {

/* Begin PBXBuildFile section */
		4555B5AC1C073D0500F85DDA /* AppDelegate.swift in Sources */ = {isa = PBXBuildFile; fileRef = 4555B5AB1C073D0500F85DDA /* AppDelegate.swift */; };
		4555B5AE1C073D0500F85DDA /* ViewController.swift in Sources */ = {isa = PBXBuildFile; fileRef = 4555B5AD1C073D0500F85DDA /* ViewController.swift */; };
		4555B5B11C073D0500F85DDA /* Main.storyboard in Resources */ = {isa = PBXBuildFile; fileRef = 4555B5AF1C073D0500F85DDA /* Main.storyboard */; };
		4555B5B31C073D0500F85DDA /* Assets.xcassets in Resources */ = {isa = PBXBuildFile; fileRef = 4555B5B21C073D0500F85DDA /* Assets.xcassets */; };
		4555B5B61C073D0500F85DDA /* LaunchScreen.storyboard in Resources */ = {isa = PBXBuildFile; fileRef = 4555B5B41C073D0500F85DDA /* LaunchScreen.storyboard */; };
		4555B5C11C073D0500F85DDA /* HandOffTests.swift in Sources */ = {isa = PBXBuildFile; fileRef = 4555B5C01C073D0500F85DDA /* HandOffTests.swift */; };
		4555B5CC1C073D0500F85DDA /* HandOffUITests.swift in Sources */ = {isa = PBXBuildFile; fileRef = 4555B5CB1C073D0500F85DDA /* HandOffUITests.swift */; };
/* End PBXBuildFile section */

/* Begin PBXContainerItemProxy section */
		4555B5BD1C073D0500F85DDA /* PBXContainerItemProxy */ = {
			isa = PBXContainerItemProxy;
			containerPortal = 4555B5A01C073D0500F85DDA /* Project object */;
			proxyType = 1;
			remoteGlobalIDString = 4555B5A71C073D0500F85DDA;
			remoteInfo = HandOff;
		};
		4555B5C81C073D0500F85DDA /* PBXContainerItemProxy */ = {
			isa = PBXContainerItemProxy;
			containerPortal = 4555B5A01C073D0500F85DDA /* Project object */;
			proxyType = 1;
			remoteGlobalIDString = 4555B5A71C073D0500F85DDA;
			remoteInfo = HandOff;
		};
/* End PBXContainerItemProxy section */

/* Begin PBXFileReference section */
		4555B5A81C073D0500F85DDA /* HandOff.app */ = {isa = PBXFileReference; explicitFileType = wrapper.application; includeInIndex = 0; path = HandOff.app; sourceTree = BUILT_PRODUCTS_DIR; };
		4555B5AB1C073D0500F85DDA /* AppDelegate.swift */ = {isa = PBXFileReference; lastKnownFileType = sourcecode.swift; path = AppDelegate.swift; sourceTree = "<group>"; };
		4555B5AD1C073D0500F85DDA /* ViewController.swift */ = {isa = PBXFileReference; lastKnownFileType = sourcecode.swift; path = ViewController.swift; sourceTree = "<group>"; };
		4555B5B01C073D0500F85DDA /* Base */ = {isa = PBXFileReference; lastKnownFileType = file.storyboard; name = Base; path = Base.lproj/Main.storyboard; sourceTree = "<group>"; };
		4555B5B21C073D0500F85DDA /* Assets.xcassets */ = {isa = PBXFileReference; lastKnownFileType = folder.assetcatalog; path = Assets.xcassets; sourceTree = "<group>"; };
		4555B5B51C073D0500F85DDA /* Base */ = {isa = PBXFileReference; lastKnownFileType = file.storyboard; name = Base; path = Base.lproj/LaunchScreen.storyboard; sourceTree = "<group>"; };
		4555B5B71C073D0500F85DDA /* Info.plist */ = {isa = PBXFileReference; lastKnownFileType = text.plist.xml; path = Info.plist; sourceTree = "<group>"; };
		4555B5BC1C073D0500F85DDA /* HandOffTests.xctest */ = {isa = PBXFileReference; explicitFileType = wrapper.cfbundle; includeInIndex = 0; path = HandOffTests.xctest; sourceTree = BUILT_PRODUCTS_DIR; };
		4555B5C01C073D0500F85DDA /* HandOffTests.swift */ = {isa = PBXFileReference; lastKnownFileType = sourcecode.swift; path = HandOffTests.swift; sourceTree = "<group>"; };
		4555B5C21C073D0500F85DDA /* Info.plist */ = {isa = PBXFileReference; lastKnownFileType = text.plist.xml; path = Info.plist; sourceTree = "<group>"; };
		4555B5C71C073D0500F85DDA /* HandOffUITests.xctest */ = {isa = PBXFileReference; explicitFileType = wrapper.cfbundle; includeInIndex = 0; path = HandOffUITests.xctest; sourceTree = BUILT_PRODUCTS_DIR; };
		4555B5CB1C073D0500F85DDA /* HandOffUITests.swift */ = {isa = PBXFileReference; lastKnownFileType = sourcecode.swift; path = HandOffUITests.swift; sourceTree = "<group>"; };
		4555B5CD1C073D0500F85DDA /* Info.plist */ = {isa = PBXFileReference; lastKnownFileType = text.plist.xml; path = Info.plist; sourceTree = "<group>"; };
/* End PBXFileReference section */

/* Begin PBXFrameworksBuildPhase section */
		4555B5A51C073D0500F85DDA /* Frameworks */ = {
			isa = PBXFrameworksBuildPhase;
			buildActionMask = 2147483647;
			files = (
			);
			runOnlyForDeploymentPostprocessing = 0;
		};
		4555B5B91C073D0500F85DDA /* Frameworks */ = {
			isa = PBXFrameworksBuildPhase;
			buildActionMask = 2147483647;
			files = (
			);
			runOnlyForDeploymentPostprocessing = 0;
		};
		4555B5C41C073D0500F85DDA /* Frameworks */ = {
			isa = PBXFrameworksBuildPhase;
			buildActionMask = 2147483647;
			files = (
			);
			runOnlyForDeploymentPostprocessing = 0;
		};
/* End PBXFrameworksBuildPhase section */

/* Begin PBXGroup section */
		4555B59F1C073D0500F85DDA = {
			isa = PBXGroup;
			children = (
				4555B5AA1C073D0500F85DDA /* HandOff */,
				4555B5BF1C073D0500F85DDA /* HandOffTests */,
				4555B5CA1C073D0500F85DDA /* HandOffUITests */,
				4555B5A91C073D0500F85DDA /* Products */,
			);
			sourceTree = "<group>";
		};
		4555B5A91C073D0500F85DDA /* Products */ = {
			isa = PBXGroup;
			children = (
				4555B5A81C073D0500F85DDA /* HandOff.app */,
				4555B5BC1C073D0500F85DDA /* HandOffTests.xctest */,
				4555B5C71C073D0500F85DDA /* HandOffUITests.xctest */,
			);
			name = Products;
			sourceTree = "<group>";
		};
		4555B5AA1C073D0500F85DDA /* HandOff */ = {
			isa = PBXGroup;
			children = (
				4555B5AB1C073D0500F85DDA /* AppDelegate.swift */,
				4555B5AD1C073D0500F85DDA /* ViewController.swift */,
				4555B5AF1C073D0500F85DDA /* Main.storyboard */,
				4555B5B21C073D0500F85DDA /* Assets.xcassets */,
				4555B5B41C073D0500F85DDA /* LaunchScreen.storyboard */,
				4555B5B71C073D0500F85DDA /* Info.plist */,
			);
			path = HandOff;
			sourceTree = "<group>";
		};
		4555B5BF1C073D0500F85DDA /* HandOffTests */ = {
			isa = PBXGroup;
			children = (
				4555B5C01C073D0500F85DDA /* HandOffTests.swift */,
				4555B5C21C073D0500F85DDA /* Info.plist */,
			);
			path = HandOffTests;
			sourceTree = "<group>";
		};
		4555B5CA1C073D0500F85DDA /* HandOffUITests */ = {
			isa = PBXGroup;
			children = (
				4555B5CB1C073D0500F85DDA /* HandOffUITests.swift */,
				4555B5CD1C073D0500F85DDA /* Info.plist */,
			);
			path = HandOffUITests;
			sourceTree = "<group>";
		};
/* End PBXGroup section */

/* Begin PBXNativeTarget section */
		4555B5A71C073D0500F85DDA /* HandOff */ = {
			isa = PBXNativeTarget;
			buildConfigurationList = 4555B5D01C073D0500F85DDA /* Build configuration list for PBXNativeTarget "HandOff" */;
			buildPhases = (
				4555B5A41C073D0500F85DDA /* Sources */,
				4555B5A51C073D0500F85DDA /* Frameworks */,
				4555B5A61C073D0500F85DDA /* Resources */,
			);
			buildRules = (
			);
			dependencies = (
			);
			name = HandOff;
			productName = HandOff;
			productReference = 4555B5A81C073D0500F85DDA /* HandOff.app */;
			productType = "com.apple.product-type.application";
		};
		4555B5BB1C073D0500F85DDA /* HandOffTests */ = {
			isa = PBXNativeTarget;
			buildConfigurationList = 4555B5D31C073D0500F85DDA /* Build configuration list for PBXNativeTarget "HandOffTests" */;
			buildPhases = (
				4555B5B81C073D0500F85DDA /* Sources */,
				4555B5B91C073D0500F85DDA /* Frameworks */,
				4555B5BA1C073D0500F85DDA /* Resources */,
			);
			buildRules = (
			);
			dependencies = (
				4555B5BE1C073D0500F85DDA /* PBXTargetDependency */,
			);
			name = HandOffTests;
			productName = HandOffTests;
			productReference = 4555B5BC1C073D0500F85DDA /* HandOffTests.xctest */;
			productType = "com.apple.product-type.bundle.unit-test";
		};
		4555B5C61C073D0500F85DDA /* HandOffUITests */ = {
			isa = PBXNativeTarget;
			buildConfigurationList = 4555B5D61C073D0500F85DDA /* Build configuration list for PBXNativeTarget "HandOffUITests" */;
			buildPhases = (
				4555B5C31C073D0500F85DDA /* Sources */,
				4555B5C41C073D0500F85DDA /* Frameworks */,
				4555B5C51C073D0500F85DDA /* Resources */,
			);
			buildRules = (
			);
			dependencies = (
				4555B5C91C073D0500F85DDA /* PBXTargetDependency */,
			);
			name = HandOffUITests;
			productName = HandOffUITests;
			productReference = 4555B5C71C073D0500F85DDA /* HandOffUITests.xctest */;
			productType = "com.apple.product-type.bundle.ui-testing";
		};
/* End PBXNativeTarget section */

/* Begin PBXProject section */
		4555B5A01C073D0500F85DDA /* Project object */ = {
			isa = PBXProject;
			attributes = {
				LastSwiftUpdateCheck = 0710;
				LastUpgradeCheck = 0710;
				ORGANIZATIONNAME = exialym;
				TargetAttributes = {
					4555B5A71C073D0500F85DDA = {
						CreatedOnToolsVersion = 7.1.1;
						DevelopmentTeam = XCREM736ZC;
					};
					4555B5BB1C073D0500F85DDA = {
						CreatedOnToolsVersion = 7.1.1;
						DevelopmentTeam = XCREM736ZC;
						TestTargetID = 4555B5A71C073D0500F85DDA;
					};
					4555B5C61C073D0500F85DDA = {
						CreatedOnToolsVersion = 7.1.1;
						DevelopmentTeam = XCREM736ZC;
						TestTargetID = 4555B5A71C073D0500F85DDA;
					};
				};
			};
			buildConfigurationList = 4555B5A31C073D0500F85DDA /* Build configuration list for PBXProject "HandOff" */;
			compatibilityVersion = "Xcode 3.2";
			developmentRegion = English;
			hasScannedForEncodings = 0;
			knownRegions = (
				en,
				Base,
			);
			mainGroup = 4555B59F1C073D0500F85DDA;
			productRefGroup = 4555B5A91C073D0500F85DDA /* Products */;
			projectDirPath = "";
			projectRoot = "";
			targets = (
				4555B5A71C073D0500F85DDA /* HandOff */,
				4555B5BB1C073D0500F85DDA /* HandOffTests */,
				4555B5C61C073D0500F85DDA /* HandOffUITests */,
			);
		};
/* End PBXProject section */

/* Begin PBXResourcesBuildPhase section */
		4555B5A61C073D0500F85DDA /* Resources */ = {
			isa = PBXResourcesBuildPhase;
			buildActionMask = 2147483647;
			files = (
				4555B5B61C073D0500F85DDA /* LaunchScreen.storyboard in Resources */,
				4555B5B31C073D0500F85DDA /* Assets.xcassets in Resources */,
				4555B5B11C073D0500F85DDA /* Main.storyboard in Resources */,
			);
			runOnlyForDeploymentPostprocessing = 0;
		};
		4555B5BA1C073D0500F85DDA /* Resources */ = {
			isa = PBXResourcesBuildPhase;
			buildActionMask = 2147483647;
			files = (
			);
			runOnlyForDeploymentPostprocessing = 0;
		};
		4555B5C51C073D0500F85DDA /* Resources */ = {
			isa = PBXResourcesBuildPhase;
			buildActionMask = 2147483647;
			files = (
			);
			runOnlyForDeploymentPostprocessing = 0;
		};
/* End PBXResourcesBuildPhase section */

/* Begin PBXSourcesBuildPhase section */
		4555B5A41C073D0500F85DDA /* Sources */ = {
			isa = PBXSourcesBuildPhase;
			buildActionMask = 2147483647;
			files = (
				4555B5AE1C073D0500F85DDA /* ViewController.swift in Sources */,
				4555B5AC1C073D0500F85DDA /* AppDelegate.swift in Sources */,
			);
			runOnlyForDeploymentPostprocessing = 0;
		};
		4555B5B81C073D0500F85DDA /* Sources */ = {
			isa = PBXSourcesBuildPhase;
			buildActionMask = 2147483647;
			files = (
				4555B5C11C073D0500F85DDA /* HandOffTests.swift in Sources */,
			);
			runOnlyForDeploymentPostprocessing = 0;
		};
		4555B5C31C073D0500F85DDA /* Sources */ = {
			isa = PBXSourcesBuildPhase;
			buildActionMask = 2147483647;
			files = (
				4555B5CC1C073D0500F85DDA /* HandOffUITests.swift in Sources */,
			);
			runOnlyForDeploymentPostprocessing = 0;
		};
/* End PBXSourcesBuildPhase section */

/* Begin PBXTargetDependency section */
		4555B5BE1C073D0500F85DDA /* PBXTargetDependency */ = {
			isa = PBXTargetDependency;
			target = 4555B5A71C073D0500F85DDA /* HandOff */;
			targetProxy = 4555B5BD1C073D0500F85DDA /* PBXContainerItemProxy */;
		};
		4555B5C91C073D0500F85DDA /* PBXTargetDependency */ = {
			isa = PBXTargetDependency;
			target = 4555B5A71C073D0500F85DDA /* HandOff */;
			targetProxy = 4555B5C81C073D0500F85DDA /* PBXContainerItemProxy */;
		};
/* End PBXTargetDependency section */

/* Begin PBXVariantGroup section */
		4555B5AF1C073D0500F85DDA /* Main.storyboard */ = {
			isa = PBXVariantGroup;
			children = (
				4555B5B01C073D0500F85DDA /* Base */,
			);
			name = Main.storyboard;
			sourceTree = "<group>";
		};
		4555B5B41C073D0500F85DDA /* LaunchScreen.storyboard */ = {
			isa = PBXVariantGroup;
			children = (
				4555B5B51C073D0500F85DDA /* Base */,
			);
			name = LaunchScreen.storyboard;
			sourceTree = "<group>";
		};
/* End PBXVariantGroup section */

/* Begin XCBuildConfiguration section */
		4555B5CE1C073D0500F85DDA /* Debug */ = {
			isa = XCBuildConfiguration;
			buildSettings = {
				ALWAYS_SEARCH_USER_PATHS = NO;
				CLANG_CXX_LANGUAGE_STANDARD = "gnu++0x";
				CLANG_CXX_LIBRARY = "libc++";
				CLANG_ENABLE_MODULES = YES;
				CLANG_ENABLE_OBJC_ARC = YES;
				CLANG_WARN_BOOL_CONVERSION = YES;
				CLANG_WARN_CONSTANT_CONVERSION = YES;
				CLANG_WARN_DIRECT_OBJC_ISA_USAGE = YES_ERROR;
				CLANG_WARN_EMPTY_BODY = YES;
				CLANG_WARN_ENUM_CONVERSION = YES;
				CLANG_WARN_INT_CONVERSION = YES;
				CLANG_WARN_OBJC_ROOT_CLASS = YES_ERROR;
				CLANG_WARN_UNREACHABLE_CODE = YES;
				CLANG_WARN__DUPLICATE_METHOD_MATCH = YES;
				"CODE_SIGN_IDENTITY[sdk=iphoneos*]" = "iPhone Developer";
				COPY_PHASE_STRIP = NO;
				DEBUG_INFORMATION_FORMAT = dwarf;
				ENABLE_STRICT_OBJC_MSGSEND = YES;
				ENABLE_TESTABILITY = YES;
				GCC_C_LANGUAGE_STANDARD = gnu99;
				GCC_DYNAMIC_NO_PIC = NO;
				GCC_NO_COMMON_BLOCKS = YES;
				GCC_OPTIMIZATION_LEVEL = 0;
				GCC_PREPROCESSOR_DEFINITIONS = (
					"DEBUG=1",
					"$(inherited)",
				);
				GCC_WARN_64_TO_32_BIT_CONVERSION = YES;
				GCC_WARN_ABOUT_RETURN_TYPE = YES_ERROR;
				GCC_WARN_UNDECLARED_SELECTOR = YES;
				GCC_WARN_UNINITIALIZED_AUTOS = YES_AGGRESSIVE;
				GCC_WARN_UNUSED_FUNCTION = YES;
				GCC_WARN_UNUSED_VARIABLE = YES;
				IPHONEOS_DEPLOYMENT_TARGET = 9.1;
				MTL_ENABLE_DEBUG_INFO = YES;
				ONLY_ACTIVE_ARCH = YES;
				SDKROOT = iphoneos;
				SWIFT_OPTIMIZATION_LEVEL = "-Onone";
				TARGETED_DEVICE_FAMILY = "1,2";
			};
			name = Debug;
		};
		4555B5CF1C073D0500F85DDA /* Release */ = {
			isa = XCBuildConfiguration;
			buildSettings = {
				ALWAYS_SEARCH_USER_PATHS = NO;
				CLANG_CXX_LANGUAGE_STANDARD = "gnu++0x";
				CLANG_CXX_LIBRARY = "libc++";
				CLANG_ENABLE_MODULES = YES;
				CLANG_ENABLE_OBJC_ARC = YES;
				CLANG_WARN_BOOL_CONVERSION = YES;
				CLANG_WARN_CONSTANT_CONVERSION = YES;
				CLANG_WARN_DIRECT_OBJC_ISA_USAGE = YES_ERROR;
				CLANG_WARN_EMPTY_BODY = YES;
				CLANG_WARN_ENUM_CONVERSION = YES;
				CLANG_WARN_INT_CONVERSION = YES;
				CLANG_WARN_OBJC_ROOT_CLASS = YES_ERROR;
				CLANG_WARN_UNREACHABLE_CODE = YES;
				CLANG_WARN__DUPLICATE_METHOD_MATCH = YES;
				"CODE_SIGN_IDENTITY[sdk=iphoneos*]" = "iPhone Developer";
				COPY_PHASE_STRIP = NO;
				DEBUG_INFORMATION_FORMAT = "dwarf-with-dsym";
				ENABLE_NS_ASSERTIONS = NO;
				ENABLE_STRICT_OBJC_MSGSEND = YES;
				GCC_C_LANGUAGE_STANDARD = gnu99;
				GCC_NO_COMMON_BLOCKS = YES;
				GCC_WARN_64_TO_32_BIT_CONVERSION = YES;
				GCC_WARN_ABOUT_RETURN_TYPE = YES_ERROR;
				GCC_WARN_UNDECLARED_SELECTOR = YES;
				GCC_WARN_UNINITIALIZED_AUTOS = YES_AGGRESSIVE;
				GCC_WARN_UNUSED_FUNCTION = YES;
				GCC_WARN_UNUSED_VARIABLE = YES;
				IPHONEOS_DEPLOYMENT_TARGET = 9.1;
				MTL_ENABLE_DEBUG_INFO = NO;
				SDKROOT = iphoneos;
				TARGETED_DEVICE_FAMILY = "1,2";
				VALIDATE_PRODUCT = YES;
			};
			name = Release;
		};
		4555B5D11C073D0500F85DDA /* Debug */ = {
			isa = XCBuildConfiguration;
			buildSettings = {
				ASSETCATALOG_COMPILER_APPICON_NAME = AppIcon;
				CODE_SIGN_IDENTITY = "iPhone Developer";
				INFOPLIST_FILE = HandOff/Info.plist;
				LD_RUNPATH_SEARCH_PATHS = "$(inherited) @executable_path/Frameworks";
				PRODUCT_BUNDLE_IDENTIFIER = edu.bupt.exialym.HandOff;
				PRODUCT_NAME = "$(TARGET_NAME)";
			};
			name = Debug;
		};
		4555B5D21C073D0500F85DDA /* Release */ = {
			isa = XCBuildConfiguration;
			buildSettings = {
				ASSETCATALOG_COMPILER_APPICON_NAME = AppIcon;
				CODE_SIGN_IDENTITY = "iPhone Developer";
				INFOPLIST_FILE = HandOff/Info.plist;
				LD_RUNPATH_SEARCH_PATHS = "$(inherited) @executable_path/Frameworks";
				PRODUCT_BUNDLE_IDENTIFIER = edu.bupt.exialym.HandOff;
				PRODUCT_NAME = "$(TARGET_NAME)";
			};
			name = Release;
		};
		4555B5D41C073D0500F85DDA /* Debug */ = {
			isa = XCBuildConfiguration;
			buildSettings = {
				BUNDLE_LOADER = "$(TEST_HOST)";
				INFOPLIST_FILE = HandOffTests/Info.plist;
				LD_RUNPATH_SEARCH_PATHS = "$(inherited) @executable_path/Frameworks @loader_path/Frameworks";
				PRODUCT_BUNDLE_IDENTIFIER = edu.bupt.exialym.HandOffTests;
				PRODUCT_NAME = "$(TARGET_NAME)";
				TEST_HOST = "$(BUILT_PRODUCTS_DIR)/HandOff.app/HandOff";
			};
			name = Debug;
		};
		4555B5D51C073D0500F85DDA /* Release */ = {
			isa = XCBuildConfiguration;
			buildSettings = {
				BUNDLE_LOADER = "$(TEST_HOST)";
				INFOPLIST_FILE = HandOffTests/Info.plist;
				LD_RUNPATH_SEARCH_PATHS = "$(inherited) @executable_path/Frameworks @loader_path/Frameworks";
				PRODUCT_BUNDLE_IDENTIFIER = edu.bupt.exialym.HandOffTests;
				PRODUCT_NAME = "$(TARGET_NAME)";
				TEST_HOST = "$(BUILT_PRODUCTS_DIR)/HandOff.app/HandOff";
			};
			name = Release;
		};
		4555B5D71C073D0500F85DDA /* Debug */ = {
			isa = XCBuildConfiguration;
			buildSettings = {
				INFOPLIST_FILE = HandOffUITests/Info.plist;
				LD_RUNPATH_SEARCH_PATHS = "$(inherited) @executable_path/Frameworks @loader_path/Frameworks";
				PRODUCT_BUNDLE_IDENTIFIER = edu.bupt.exialym.HandOffUITests;
				PRODUCT_NAME = "$(TARGET_NAME)";
				TEST_TARGET_NAME = HandOff;
				USES_XCTRUNNER = YES;
			};
			name = Debug;
		};
		4555B5D81C073D0500F85DDA /* Release */ = {
			isa = XCBuildConfiguration;
			buildSettings = {
				INFOPLIST_FILE = HandOffUITests/Info.plist;
				LD_RUNPATH_SEARCH_PATHS = "$(inherited) @executable_path/Frameworks @loader_path/Frameworks";
				PRODUCT_BUNDLE_IDENTIFIER = edu.bupt.exialym.HandOffUITests;
				PRODUCT_NAME = "$(TARGET_NAME)";
				TEST_TARGET_NAME = HandOff;
				USES_XCTRUNNER = YES;
			};
			name = Release;
		};
/* End XCBuildConfiguration section */

/* Begin XCConfigurationList section */
		4555B5A31C073D0500F85DDA /* Build configuration list for PBXProject "HandOff" */ = {
			isa = XCConfigurationList;
			buildConfigurations = (
				4555B5CE1C073D0500F85DDA /* Debug */,
				4555B5CF1C073D0500F85DDA /* Release */,
			);
			defaultConfigurationIsVisible = 0;
			defaultConfigurationName = Release;
		};
		4555B5D01C073D0500F85DDA /* Build configuration list for PBXNativeTarget "HandOff" */ = {
			isa = XCConfigurationList;
			buildConfigurations = (
				4555B5D11C073D0500F85DDA /* Debug */,
				4555B5D21C073D0500F85DDA /* Release */,
			);
			defaultConfigurationIsVisible = 0;
		};
		4555B5D31C073D0500F85DDA /* Build configuration list for PBXNativeTarget "HandOffTests" */ = {
			isa = XCConfigurationList;
			buildConfigurations = (
				4555B5D41C073D0500F85DDA /* Debug */,
				4555B5D51C073D0500F85DDA /* Release */,
			);
			defaultConfigurationIsVisible = 0;
		};
		4555B5D61C073D0500F85DDA /* Build configuration list for PBXNativeTarget "HandOffUITests" */ = {
			isa = XCConfigurationList;
			buildConfigurations = (
				4555B5D71C073D0500F85DDA /* Debug */,
				4555B5D81C073D0500F85DDA /* Release */,
			);
			defaultConfigurationIsVisible = 0;
		};
/* End XCConfigurationList section */
	};
	rootObject = 4555B5A01C073D0500F85DDA /* Project object */;
}
