// !$*UTF8*$!
{
	archiveVersion = 1;
	classes = {
	};
	objectVersion = 46;
	objects = {

/* Begin PBXBuildFile section */
		45FF55311B85BBB600AF5CE3 /* FaceView.swift in Sources */ = {isa = PBXBuildFile; fileRef = 45FF552F1B85BBB600AF5CE3 /* FaceView.swift */; };
		45FF55321B85BBB600AF5CE3 /* HappinessViewController.swift in Sources */ = {isa = PBXBuildFile; fileRef = 45FF55301B85BBB600AF5CE3 /* HappinessViewController.swift */; };
		45FF55341B85DF7200AF5CE3 /* TextViewController.swift in Sources */ = {isa = PBXBuildFile; fileRef = 45FF55331B85DF7200AF5CE3 /* TextViewController.swift */; };
		45FF55361B85EB1000AF5CE3 /* DiagnosedViewController.swift in Sources */ = {isa = PBXBuildFile; fileRef = 45FF55351B85EB1000AF5CE3 /* DiagnosedViewController.swift */; };
		45FFCED61B85A31600FE691C /* AppDelegate.swift in Sources */ = {isa = PBXBuildFile; fileRef = 45FFCED51B85A31600FE691C /* AppDelegate.swift */; };
		45FFCED81B85A31600FE691C /* PsychologistViewController.swift in Sources */ = {isa = PBXBuildFile; fileRef = 45FFCED71B85A31600FE691C /* PsychologistViewController.swift */; };
		45FFCEDB1B85A31600FE691C /* Main.storyboard in Resources */ = {isa = PBXBuildFile; fileRef = 45FFCED91B85A31600FE691C /* Main.storyboard */; };
		45FFCEDD1B85A31600FE691C /* Images.xcassets in Resources */ = {isa = PBXBuildFile; fileRef = 45FFCEDC1B85A31600FE691C /* Images.xcassets */; };
		45FFCEE01B85A31600FE691C /* LaunchScreen.xib in Resources */ = {isa = PBXBuildFile; fileRef = 45FFCEDE1B85A31600FE691C /* LaunchScreen.xib */; };
		45FFCEEC1B85A31600FE691C /* PsychologistTests.swift in Sources */ = {isa = PBXBuildFile; fileRef = 45FFCEEB1B85A31600FE691C /* PsychologistTests.swift */; };
/* End PBXBuildFile section */

/* Begin PBXContainerItemProxy section */
		45FFCEE61B85A31600FE691C /* PBXContainerItemProxy */ = {
			isa = PBXContainerItemProxy;
			containerPortal = 45FFCEC81B85A31600FE691C /* Project object */;
			proxyType = 1;
			remoteGlobalIDString = 45FFCECF1B85A31600FE691C;
			remoteInfo = Psychologist;
		};
/* End PBXContainerItemProxy section */

/* Begin PBXFileReference section */
		45FF552F1B85BBB600AF5CE3 /* FaceView.swift */ = {isa = PBXFileReference; fileEncoding = 4; lastKnownFileType = sourcecode.swift; path = FaceView.swift; sourceTree = "<group>"; };
		45FF55301B85BBB600AF5CE3 /* HappinessViewController.swift */ = {isa = PBXFileReference; fileEncoding = 4; lastKnownFileType = sourcecode.swift; path = HappinessViewController.swift; sourceTree = "<group>"; };
		45FF55331B85DF7200AF5CE3 /* TextViewController.swift */ = {isa = PBXFileReference; fileEncoding = 4; lastKnownFileType = sourcecode.swift; path = TextViewController.swift; sourceTree = "<group>"; };
		45FF55351B85EB1000AF5CE3 /* DiagnosedViewController.swift */ = {isa = PBXFileReference; fileEncoding = 4; lastKnownFileType = sourcecode.swift; path = DiagnosedViewController.swift; sourceTree = "<group>"; };
		45FFCED01B85A31600FE691C /* Psychologist.app */ = {isa = PBXFileReference; explicitFileType = wrapper.application; includeInIndex = 0; path = Psychologist.app; sourceTree = BUILT_PRODUCTS_DIR; };
		45FFCED41B85A31600FE691C /* Info.plist */ = {isa = PBXFileReference; lastKnownFileType = text.plist.xml; path = Info.plist; sourceTree = "<group>"; };
		45FFCED51B85A31600FE691C /* AppDelegate.swift */ = {isa = PBXFileReference; lastKnownFileType = sourcecode.swift; path = AppDelegate.swift; sourceTree = "<group>"; };
		45FFCED71B85A31600FE691C /* PsychologistViewController.swift */ = {isa = PBXFileReference; lastKnownFileType = sourcecode.swift; path = PsychologistViewController.swift; sourceTree = "<group>"; };
		45FFCEDA1B85A31600FE691C /* Base */ = {isa = PBXFileReference; lastKnownFileType = file.storyboard; name = Base; path = Base.lproj/Main.storyboard; sourceTree = "<group>"; };
		45FFCEDC1B85A31600FE691C /* Images.xcassets */ = {isa = PBXFileReference; lastKnownFileType = folder.assetcatalog; path = Images.xcassets; sourceTree = "<group>"; };
		45FFCEDF1B85A31600FE691C /* Base */ = {isa = PBXFileReference; lastKnownFileType = file.xib; name = Base; path = Base.lproj/LaunchScreen.xib; sourceTree = "<group>"; };
		45FFCEE51B85A31600FE691C /* PsychologistTests.xctest */ = {isa = PBXFileReference; explicitFileType = wrapper.cfbundle; includeInIndex = 0; path = PsychologistTests.xctest; sourceTree = BUILT_PRODUCTS_DIR; };
		45FFCEEA1B85A31600FE691C /* Info.plist */ = {isa = PBXFileReference; lastKnownFileType = text.plist.xml; path = Info.plist; sourceTree = "<group>"; };
		45FFCEEB1B85A31600FE691C /* PsychologistTests.swift */ = {isa = PBXFileReference; lastKnownFileType = sourcecode.swift; path = PsychologistTests.swift; sourceTree = "<group>"; };
/* End PBXFileReference section */

/* Begin PBXFrameworksBuildPhase section */
		45FFCECD1B85A31600FE691C /* Frameworks */ = {
			isa = PBXFrameworksBuildPhase;
			buildActionMask = 2147483647;
			files = (
			);
			runOnlyForDeploymentPostprocessing = 0;
		};
		45FFCEE21B85A31600FE691C /* Frameworks */ = {
			isa = PBXFrameworksBuildPhase;
			buildActionMask = 2147483647;
			files = (
			);
			runOnlyForDeploymentPostprocessing = 0;
		};
/* End PBXFrameworksBuildPhase section */

/* Begin PBXGroup section */
		45FFCEC71B85A31600FE691C = {
			isa = PBXGroup;
			children = (
				45FFCED21B85A31600FE691C /* Psychologist */,
				45FFCEE81B85A31600FE691C /* PsychologistTests */,
				45FFCED11B85A31600FE691C /* Products */,
			);
			sourceTree = "<group>";
		};
		45FFCED11B85A31600FE691C /* Products */ = {
			isa = PBXGroup;
			children = (
				45FFCED01B85A31600FE691C /* Psychologist.app */,
				45FFCEE51B85A31600FE691C /* PsychologistTests.xctest */,
			);
			name = Products;
			sourceTree = "<group>";
		};
		45FFCED21B85A31600FE691C /* Psychologist */ = {
			isa = PBXGroup;
			children = (
				45FFCED71B85A31600FE691C /* PsychologistViewController.swift */,
				45FF552F1B85BBB600AF5CE3 /* FaceView.swift */,
				45FF55301B85BBB600AF5CE3 /* HappinessViewController.swift */,
				45FFCED91B85A31600FE691C /* Main.storyboard */,
				45FF55331B85DF7200AF5CE3 /* TextViewController.swift */,
				45FF55351B85EB1000AF5CE3 /* DiagnosedViewController.swift */,
				45FFCED31B85A31600FE691C /* Supporting Files */,
			);
			path = Psychologist;
			sourceTree = "<group>";
		};
		45FFCED31B85A31600FE691C /* Supporting Files */ = {
			isa = PBXGroup;
			children = (
				45FFCEDE1B85A31600FE691C /* LaunchScreen.xib */,
				45FFCED51B85A31600FE691C /* AppDelegate.swift */,
				45FFCEDC1B85A31600FE691C /* Images.xcassets */,
				45FFCED41B85A31600FE691C /* Info.plist */,
			);
			name = "Supporting Files";
			sourceTree = "<group>";
		};
		45FFCEE81B85A31600FE691C /* PsychologistTests */ = {
			isa = PBXGroup;
			children = (
				45FFCEEB1B85A31600FE691C /* PsychologistTests.swift */,
				45FFCEE91B85A31600FE691C /* Supporting Files */,
			);
			path = PsychologistTests;
			sourceTree = "<group>";
		};
		45FFCEE91B85A31600FE691C /* Supporting Files */ = {
			isa = PBXGroup;
			children = (
				45FFCEEA1B85A31600FE691C /* Info.plist */,
			);
			name = "Supporting Files";
			sourceTree = "<group>";
		};
/* End PBXGroup section */

/* Begin PBXNativeTarget section */
		45FFCECF1B85A31600FE691C /* Psychologist */ = {
			isa = PBXNativeTarget;
			buildConfigurationList = 45FFCEEF1B85A31600FE691C /* Build configuration list for PBXNativeTarget "Psychologist" */;
			buildPhases = (
				45FFCECC1B85A31600FE691C /* Sources */,
				45FFCECD1B85A31600FE691C /* Frameworks */,
				45FFCECE1B85A31600FE691C /* Resources */,
			);
			buildRules = (
			);
			dependencies = (
			);
			name = Psychologist;
			productName = Psychologist;
			productReference = 45FFCED01B85A31600FE691C /* Psychologist.app */;
			productType = "com.apple.product-type.application";
		};
		45FFCEE41B85A31600FE691C /* PsychologistTests */ = {
			isa = PBXNativeTarget;
			buildConfigurationList = 45FFCEF21B85A31600FE691C /* Build configuration list for PBXNativeTarget "PsychologistTests" */;
			buildPhases = (
				45FFCEE11B85A31600FE691C /* Sources */,
				45FFCEE21B85A31600FE691C /* Frameworks */,
				45FFCEE31B85A31600FE691C /* Resources */,
			);
			buildRules = (
			);
			dependencies = (
				45FFCEE71B85A31600FE691C /* PBXTargetDependency */,
			);
			name = PsychologistTests;
			productName = PsychologistTests;
			productReference = 45FFCEE51B85A31600FE691C /* PsychologistTests.xctest */;
			productType = "com.apple.product-type.bundle.unit-test";
		};
/* End PBXNativeTarget section */

/* Begin PBXProject section */
		45FFCEC81B85A31600FE691C /* Project object */ = {
			isa = PBXProject;
			attributes = {
				LastSwiftUpdateCheck = 0700;
				LastUpgradeCheck = 0640;
				ORGANIZATIONNAME = exialym;
				TargetAttributes = {
					45FFCECF1B85A31600FE691C = {
						CreatedOnToolsVersion = 6.4;
					};
					45FFCEE41B85A31600FE691C = {
						CreatedOnToolsVersion = 6.4;
						TestTargetID = 45FFCECF1B85A31600FE691C;
					};
				};
			};
			buildConfigurationList = 45FFCECB1B85A31600FE691C /* Build configuration list for PBXProject "Psychologist" */;
			compatibilityVersion = "Xcode 3.2";
			developmentRegion = English;
			hasScannedForEncodings = 0;
			knownRegions = (
				en,
				Base,
			);
			mainGroup = 45FFCEC71B85A31600FE691C;
			productRefGroup = 45FFCED11B85A31600FE691C /* Products */;
			projectDirPath = "";
			projectRoot = "";
			targets = (
				45FFCECF1B85A31600FE691C /* Psychologist */,
				45FFCEE41B85A31600FE691C /* PsychologistTests */,
			);
		};
/* End PBXProject section */

/* Begin PBXResourcesBuildPhase section */
		45FFCECE1B85A31600FE691C /* Resources */ = {
			isa = PBXResourcesBuildPhase;
			buildActionMask = 2147483647;
			files = (
				45FFCEDB1B85A31600FE691C /* Main.storyboard in Resources */,
				45FFCEE01B85A31600FE691C /* LaunchScreen.xib in Resources */,
				45FFCEDD1B85A31600FE691C /* Images.xcassets in Resources */,
			);
			runOnlyForDeploymentPostprocessing = 0;
		};
		45FFCEE31B85A31600FE691C /* Resources */ = {
			isa = PBXResourcesBuildPhase;
			buildActionMask = 2147483647;
			files = (
			);
			runOnlyForDeploymentPostprocessing = 0;
		};
/* End PBXResourcesBuildPhase section */

/* Begin PBXSourcesBuildPhase section */
		45FFCECC1B85A31600FE691C /* Sources */ = {
			isa = PBXSourcesBuildPhase;
			buildActionMask = 2147483647;
			files = (
				45FF55341B85DF7200AF5CE3 /* TextViewController.swift in Sources */,
				45FFCED81B85A31600FE691C /* PsychologistViewController.swift in Sources */,
				45FFCED61B85A31600FE691C /* AppDelegate.swift in Sources */,
				45FF55361B85EB1000AF5CE3 /* DiagnosedViewController.swift in Sources */,
				45FF55321B85BBB600AF5CE3 /* HappinessViewController.swift in Sources */,
				45FF55311B85BBB600AF5CE3 /* FaceView.swift in Sources */,
			);
			runOnlyForDeploymentPostprocessing = 0;
		};
		45FFCEE11B85A31600FE691C /* Sources */ = {
			isa = PBXSourcesBuildPhase;
			buildActionMask = 2147483647;
			files = (
				45FFCEEC1B85A31600FE691C /* PsychologistTests.swift in Sources */,
			);
			runOnlyForDeploymentPostprocessing = 0;
		};
/* End PBXSourcesBuildPhase section */

/* Begin PBXTargetDependency section */
		45FFCEE71B85A31600FE691C /* PBXTargetDependency */ = {
			isa = PBXTargetDependency;
			target = 45FFCECF1B85A31600FE691C /* Psychologist */;
			targetProxy = 45FFCEE61B85A31600FE691C /* PBXContainerItemProxy */;
		};
/* End PBXTargetDependency section */

/* Begin PBXVariantGroup section */
		45FFCED91B85A31600FE691C /* Main.storyboard */ = {
			isa = PBXVariantGroup;
			children = (
				45FFCEDA1B85A31600FE691C /* Base */,
			);
			name = Main.storyboard;
			sourceTree = "<group>";
		};
		45FFCEDE1B85A31600FE691C /* LaunchScreen.xib */ = {
			isa = PBXVariantGroup;
			children = (
				45FFCEDF1B85A31600FE691C /* Base */,
			);
			name = LaunchScreen.xib;
			sourceTree = "<group>";
		};
/* End PBXVariantGroup section */

/* Begin XCBuildConfiguration section */
		45FFCEED1B85A31600FE691C /* Debug */ = {
			isa = XCBuildConfiguration;
			buildSettings = {
				ALWAYS_SEARCH_USER_PATHS = NO;
				CLANG_CXX_LANGUAGE_STANDARD = "gnu++0x";
				CLANG_CXX_LIBRARY = "libc++";
				CLANG_ENABLE_MODULES = YES;
				CLANG_ENABLE_OBJC_ARC = YES;
				CLANG_WARN_BOOL_CONVERSION = YES;
				CLANG_WARN_CONSTANT_CONVERSION = YES;
				CLANG_WARN_DIRECT_OBJC_ISA_USAGE = YES_ERROR;
				CLANG_WARN_EMPTY_BODY = YES;
				CLANG_WARN_ENUM_CONVERSION = YES;
				CLANG_WARN_INT_CONVERSION = YES;
				CLANG_WARN_OBJC_ROOT_CLASS = YES_ERROR;
				CLANG_WARN_UNREACHABLE_CODE = YES;
				CLANG_WARN__DUPLICATE_METHOD_MATCH = YES;
				"CODE_SIGN_IDENTITY[sdk=iphoneos*]" = "iPhone Developer";
				COPY_PHASE_STRIP = NO;
				DEBUG_INFORMATION_FORMAT = "dwarf-with-dsym";
				ENABLE_STRICT_OBJC_MSGSEND = YES;
				GCC_C_LANGUAGE_STANDARD = gnu99;
				GCC_DYNAMIC_NO_PIC = NO;
				GCC_NO_COMMON_BLOCKS = YES;
				GCC_OPTIMIZATION_LEVEL = 0;
				GCC_PREPROCESSOR_DEFINITIONS = (
					"DEBUG=1",
					"$(inherited)",
				);
				GCC_SYMBOLS_PRIVATE_EXTERN = NO;
				GCC_WARN_64_TO_32_BIT_CONVERSION = YES;
				GCC_WARN_ABOUT_RETURN_TYPE = YES_ERROR;
				GCC_WARN_UNDECLARED_SELECTOR = YES;
				GCC_WARN_UNINITIALIZED_AUTOS = YES_AGGRESSIVE;
				GCC_WARN_UNUSED_FUNCTION = YES;
				GCC_WARN_UNUSED_VARIABLE = YES;
				IPHONEOS_DEPLOYMENT_TARGET = 8.4;
				MTL_ENABLE_DEBUG_INFO = YES;
				ONLY_ACTIVE_ARCH = YES;
				SDKROOT = iphoneos;
				SWIFT_OPTIMIZATION_LEVEL = "-Onone";
				TARGETED_DEVICE_FAMILY = "1,2";
			};
			name = Debug;
		};
		45FFCEEE1B85A31600FE691C /* Release */ = {
			isa = XCBuildConfiguration;
			buildSettings = {
				ALWAYS_SEARCH_USER_PATHS = NO;
				CLANG_CXX_LANGUAGE_STANDARD = "gnu++0x";
				CLANG_CXX_LIBRARY = "libc++";
				CLANG_ENABLE_MODULES = YES;
				CLANG_ENABLE_OBJC_ARC = YES;
				CLANG_WARN_BOOL_CONVERSION = YES;
				CLANG_WARN_CONSTANT_CONVERSION = YES;
				CLANG_WARN_DIRECT_OBJC_ISA_USAGE = YES_ERROR;
				CLANG_WARN_EMPTY_BODY = YES;
				CLANG_WARN_ENUM_CONVERSION = YES;
				CLANG_WARN_INT_CONVERSION = YES;
				CLANG_WARN_OBJC_ROOT_CLASS = YES_ERROR;
				CLANG_WARN_UNREACHABLE_CODE = YES;
				CLANG_WARN__DUPLICATE_METHOD_MATCH = YES;
				"CODE_SIGN_IDENTITY[sdk=iphoneos*]" = "iPhone Developer";
				COPY_PHASE_STRIP = NO;
				DEBUG_INFORMATION_FORMAT = "dwarf-with-dsym";
				ENABLE_NS_ASSERTIONS = NO;
				ENABLE_STRICT_OBJC_MSGSEND = YES;
				GCC_C_LANGUAGE_STANDARD = gnu99;
				GCC_NO_COMMON_BLOCKS = YES;
				GCC_WARN_64_TO_32_BIT_CONVERSION = YES;
				GCC_WARN_ABOUT_RETURN_TYPE = YES_ERROR;
				GCC_WARN_UNDECLARED_SELECTOR = YES;
				GCC_WARN_UNINITIALIZED_AUTOS = YES_AGGRESSIVE;
				GCC_WARN_UNUSED_FUNCTION = YES;
				GCC_WARN_UNUSED_VARIABLE = YES;
				IPHONEOS_DEPLOYMENT_TARGET = 8.4;
				MTL_ENABLE_DEBUG_INFO = NO;
				SDKROOT = iphoneos;
				TARGETED_DEVICE_FAMILY = "1,2";
				VALIDATE_PRODUCT = YES;
			};
			name = Release;
		};
		45FFCEF01B85A31600FE691C /* Debug */ = {
			isa = XCBuildConfiguration;
			buildSettings = {
				ASSETCATALOG_COMPILER_APPICON_NAME = AppIcon;
				INFOPLIST_FILE = Psychologist/Info.plist;
				LD_RUNPATH_SEARCH_PATHS = "$(inherited) @executable_path/Frameworks";
				PRODUCT_NAME = "$(TARGET_NAME)";
			};
			name = Debug;
		};
		45FFCEF11B85A31600FE691C /* Release */ = {
			isa = XCBuildConfiguration;
			buildSettings = {
				ASSETCATALOG_COMPILER_APPICON_NAME = AppIcon;
				INFOPLIST_FILE = Psychologist/Info.plist;
				LD_RUNPATH_SEARCH_PATHS = "$(inherited) @executable_path/Frameworks";
				PRODUCT_NAME = "$(TARGET_NAME)";
			};
			name = Release;
		};
		45FFCEF31B85A31600FE691C /* Debug */ = {
			isa = XCBuildConfiguration;
			buildSettings = {
				BUNDLE_LOADER = "$(TEST_HOST)";
				FRAMEWORK_SEARCH_PATHS = (
					"$(SDKROOT)/Developer/Library/Frameworks",
					"$(inherited)",
				);
				GCC_PREPROCESSOR_DEFINITIONS = (
					"DEBUG=1",
					"$(inherited)",
				);
				INFOPLIST_FILE = PsychologistTests/Info.plist;
				LD_RUNPATH_SEARCH_PATHS = "$(inherited) @executable_path/Frameworks @loader_path/Frameworks";
				PRODUCT_NAME = "$(TARGET_NAME)";
				TEST_HOST = "$(BUILT_PRODUCTS_DIR)/Psychologist.app/Psychologist";
			};
			name = Debug;
		};
		45FFCEF41B85A31600FE691C /* Release */ = {
			isa = XCBuildConfiguration;
			buildSettings = {
				BUNDLE_LOADER = "$(TEST_HOST)";
				FRAMEWORK_SEARCH_PATHS = (
					"$(SDKROOT)/Developer/Library/Frameworks",
					"$(inherited)",
				);
				INFOPLIST_FILE = PsychologistTests/Info.plist;
				LD_RUNPATH_SEARCH_PATHS = "$(inherited) @executable_path/Frameworks @loader_path/Frameworks";
				PRODUCT_NAME = "$(TARGET_NAME)";
				TEST_HOST = "$(BUILT_PRODUCTS_DIR)/Psychologist.app/Psychologist";
			};
			name = Release;
		};
/* End XCBuildConfiguration section */

/* Begin XCConfigurationList section */
		45FFCECB1B85A31600FE691C /* Build configuration list for PBXProject "Psychologist" */ = {
			isa = XCConfigurationList;
			buildConfigurations = (
				45FFCEED1B85A31600FE691C /* Debug */,
				45FFCEEE1B85A31600FE691C /* Release */,
			);
			defaultConfigurationIsVisible = 0;
			defaultConfigurationName = Release;
		};
		45FFCEEF1B85A31600FE691C /* Build configuration list for PBXNativeTarget "Psychologist" */ = {
			isa = XCConfigurationList;
			buildConfigurations = (
				45FFCEF01B85A31600FE691C /* Debug */,
				45FFCEF11B85A31600FE691C /* Release */,
			);
			defaultConfigurationIsVisible = 0;
			defaultConfigurationName = Release;
		};
		45FFCEF21B85A31600FE691C /* Build configuration list for PBXNativeTarget "PsychologistTests" */ = {
			isa = XCConfigurationList;
			buildConfigurations = (
				45FFCEF31B85A31600FE691C /* Debug */,
				45FFCEF41B85A31600FE691C /* Release */,
			);
			defaultConfigurationIsVisible = 0;
			defaultConfigurationName = Release;
		};
/* End XCConfigurationList section */
	};
	rootObject = 45FFCEC81B85A31600FE691C /* Project object */;
}
